# THIS IS AN AUTOGENERATED FILE. DO NOT EDIT THIS FILE DIRECTLY.
# yarn lockfile v1


"@hyperapp/router@^0.4.1":
  version "0.4.1"
  resolved "https://registry.yarnpkg.com/@hyperapp/router/-/router-0.4.1.tgz#f2c697c40565496bea6dbd1265822766b41e021b"

chance@^1.0.13:
  version "1.0.13"
  resolved "https://registry.yarnpkg.com/chance/-/chance-1.0.13.tgz#666bec2db42b3084456a3e4f4c28a82db5ccb7e6"

hyperapp@^1.1.2:
  version "1.1.2"
  resolved "https://registry.yarnpkg.com/hyperapp/-/hyperapp-1.1.2.tgz#68a0087d2b28df04439ca43646f8b989d4d1d079"
